// !$*UTF8*$!
{
	archiveVersion = 1;
	classes = {
	};
	objectVersion = 55;
	objects = {

/* Begin PBXBuildFile section */
		670A849327B314E30095F24E /* FundraiserDetailView.swift in Sources */ = {isa = PBXBuildFile; fileRef = 670A849227B314E30095F24E /* FundraiserDetailView.swift */; };
		670A849427B314E30095F24E /* FundraiserDetailView.swift in Sources */ = {isa = PBXBuildFile; fileRef = 670A849227B314E30095F24E /* FundraiserDetailView.swift */; };
		670A849527B314E30095F24E /* FundraiserDetailView.swift in Sources */ = {isa = PBXBuildFile; fileRef = 670A849227B314E30095F24E /* FundraiserDetailView.swift */; };
		670A849627B314E30095F24E /* FundraiserDetailView.swift in Sources */ = {isa = PBXBuildFile; fileRef = 670A849227B314E30095F24E /* FundraiserDetailView.swift */; };
		670A849827B316A70095F24E /* RemainingDonationView.swift in Sources */ = {isa = PBXBuildFile; fileRef = 670A849727B316A70095F24E /* RemainingDonationView.swift */; };
		670A849927B316A70095F24E /* RemainingDonationView.swift in Sources */ = {isa = PBXBuildFile; fileRef = 670A849727B316A70095F24E /* RemainingDonationView.swift */; };
		670A849A27B316A70095F24E /* RemainingDonationView.swift in Sources */ = {isa = PBXBuildFile; fileRef = 670A849727B316A70095F24E /* RemainingDonationView.swift */; };
		670A849B27B316A70095F24E /* RemainingDonationView.swift in Sources */ = {isa = PBXBuildFile; fileRef = 670A849727B316A70095F24E /* RemainingDonationView.swift */; };
		670A849E27B36DC00095F24E /* FundraiserDO.swift in Sources */ = {isa = PBXBuildFile; fileRef = 670A849D27B36DC00095F24E /* FundraiserDO.swift */; };
		670A849F27B36DC00095F24E /* FundraiserDO.swift in Sources */ = {isa = PBXBuildFile; fileRef = 670A849D27B36DC00095F24E /* FundraiserDO.swift */; };
		670A84A027B36DC00095F24E /* FundraiserDO.swift in Sources */ = {isa = PBXBuildFile; fileRef = 670A849D27B36DC00095F24E /* FundraiserDO.swift */; };
		670A84A127B36DC00095F24E /* FundraiserDO.swift in Sources */ = {isa = PBXBuildFile; fileRef = 670A849D27B36DC00095F24E /* FundraiserDO.swift */; };
		670A84A327B36E420095F24E /* OrganiserDO.swift in Sources */ = {isa = PBXBuildFile; fileRef = 670A84A227B36E420095F24E /* OrganiserDO.swift */; };
		670A84A427B36E420095F24E /* OrganiserDO.swift in Sources */ = {isa = PBXBuildFile; fileRef = 670A84A227B36E420095F24E /* OrganiserDO.swift */; };
		670A84A527B36E420095F24E /* OrganiserDO.swift in Sources */ = {isa = PBXBuildFile; fileRef = 670A84A227B36E420095F24E /* OrganiserDO.swift */; };
		670A84A627B36E420095F24E /* OrganiserDO.swift in Sources */ = {isa = PBXBuildFile; fileRef = 670A84A227B36E420095F24E /* OrganiserDO.swift */; };
		670A854827B57ED00095F24E /* FundraiserListViewModel.swift in Sources */ = {isa = PBXBuildFile; fileRef = 670A854727B57ED00095F24E /* FundraiserListViewModel.swift */; };
		670A854B27B5811B0095F24E /* FetchFundraiserUseCase.swift in Sources */ = {isa = PBXBuildFile; fileRef = 670A854A27B5811B0095F24E /* FetchFundraiserUseCase.swift */; };
		670A854E27B59F6C0095F24E /* MockEntities.swift in Sources */ = {isa = PBXBuildFile; fileRef = 670A854D27B59F6C0095F24E /* MockEntities.swift */; };
		67183DB627BE926700932580 /* SharedDataModel.swift in Sources */ = {isa = PBXBuildFile; fileRef = 67183DB527BE926700932580 /* SharedDataModel.swift */; };
		67183DB727BE926700932580 /* SharedDataModel.swift in Sources */ = {isa = PBXBuildFile; fileRef = 67183DB527BE926700932580 /* SharedDataModel.swift */; };
		67183DB827BE926700932580 /* SharedDataModel.swift in Sources */ = {isa = PBXBuildFile; fileRef = 67183DB527BE926700932580 /* SharedDataModel.swift */; };
		67183DB927BE926700932580 /* SharedDataModel.swift in Sources */ = {isa = PBXBuildFile; fileRef = 67183DB527BE926700932580 /* SharedDataModel.swift */; };
		67183DBC27BFEA5E00932580 /* FilterCategoriesView.swift in Sources */ = {isa = PBXBuildFile; fileRef = 67183DBB27BFEA5E00932580 /* FilterCategoriesView.swift */; };
		67183DBD27BFEA5E00932580 /* FilterCategoriesView.swift in Sources */ = {isa = PBXBuildFile; fileRef = 67183DBB27BFEA5E00932580 /* FilterCategoriesView.swift */; };
		67183DBE27BFEA5E00932580 /* FilterCategoriesView.swift in Sources */ = {isa = PBXBuildFile; fileRef = 67183DBB27BFEA5E00932580 /* FilterCategoriesView.swift */; };
		67183DBF27BFEA5E00932580 /* FilterCategoriesView.swift in Sources */ = {isa = PBXBuildFile; fileRef = 67183DBB27BFEA5E00932580 /* FilterCategoriesView.swift */; };
		67183DDD27C6F0DC00932580 /* CategoryItemView.swift in Sources */ = {isa = PBXBuildFile; fileRef = 67183DDC27C6F0DC00932580 /* CategoryItemView.swift */; };
		67183DDE27C6F0DC00932580 /* CategoryItemView.swift in Sources */ = {isa = PBXBuildFile; fileRef = 67183DDC27C6F0DC00932580 /* CategoryItemView.swift */; };
		67183DDF27C6F0DC00932580 /* CategoryItemView.swift in Sources */ = {isa = PBXBuildFile; fileRef = 67183DDC27C6F0DC00932580 /* CategoryItemView.swift */; };
		67183DE027C6F0DC00932580 /* CategoryItemView.swift in Sources */ = {isa = PBXBuildFile; fileRef = 67183DDC27C6F0DC00932580 /* CategoryItemView.swift */; };
		671D557927DB9DF3003EF0C8 /* SwiftUIVideoView.swift in Sources */ = {isa = PBXBuildFile; fileRef = 671D557827DB9DF3003EF0C8 /* SwiftUIVideoView.swift */; };
		671D557B27DB9E66003EF0C8 /* VideoCoverView.swift in Sources */ = {isa = PBXBuildFile; fileRef = 671D557A27DB9E66003EF0C8 /* VideoCoverView.swift */; };
		671D557D27DB9E9A003EF0C8 /* NavigationBarHomeView.swift in Sources */ = {isa = PBXBuildFile; fileRef = 671D557C27DB9E9A003EF0C8 /* NavigationBarHomeView.swift */; };
		671D558027DBA578003EF0C8 /* HomeViewModel.swift in Sources */ = {isa = PBXBuildFile; fileRef = 671D557F27DBA578003EF0C8 /* HomeViewModel.swift */; };
		671D558227DBAAA2003EF0C8 /* TopFundRaisersView.swift in Sources */ = {isa = PBXBuildFile; fileRef = 671D558127DBAAA2003EF0C8 /* TopFundRaisersView.swift */; };
		671D558427DBAB4B003EF0C8 /* NewCampaignListView.swift in Sources */ = {isa = PBXBuildFile; fileRef = 671D558327DBAB4B003EF0C8 /* NewCampaignListView.swift */; };
		671D558727DBC43F003EF0C8 /* SavedListView.swift in Sources */ = {isa = PBXBuildFile; fileRef = 671D558627DBC43F003EF0C8 /* SavedListView.swift */; };
		671D558B27DBC499003EF0C8 /* SavedListViewModel.swift in Sources */ = {isa = PBXBuildFile; fileRef = 671D558A27DBC499003EF0C8 /* SavedListViewModel.swift */; };
		671D558F27DBC6AC003EF0C8 /* SettingsView.swift in Sources */ = {isa = PBXBuildFile; fileRef = 671D558E27DBC6AC003EF0C8 /* SettingsView.swift */; };
		672E15D627DA92FB007FE2B7 /* AvatarDonatedView.swift in Sources */ = {isa = PBXBuildFile; fileRef = 672E15D527DA92FB007FE2B7 /* AvatarDonatedView.swift */; };
		672E15D727DA92FB007FE2B7 /* AvatarDonatedView.swift in Sources */ = {isa = PBXBuildFile; fileRef = 672E15D527DA92FB007FE2B7 /* AvatarDonatedView.swift */; };
		672E15D827DA92FB007FE2B7 /* AvatarDonatedView.swift in Sources */ = {isa = PBXBuildFile; fileRef = 672E15D527DA92FB007FE2B7 /* AvatarDonatedView.swift */; };
		672E15D927DA92FB007FE2B7 /* AvatarDonatedView.swift in Sources */ = {isa = PBXBuildFile; fileRef = 672E15D527DA92FB007FE2B7 /* AvatarDonatedView.swift */; };
		672E15DB27DA93B6007FE2B7 /* CoverFundraiserDetailView.swift in Sources */ = {isa = PBXBuildFile; fileRef = 672E15DA27DA93B6007FE2B7 /* CoverFundraiserDetailView.swift */; };
		672E15DC27DA93B6007FE2B7 /* CoverFundraiserDetailView.swift in Sources */ = {isa = PBXBuildFile; fileRef = 672E15DA27DA93B6007FE2B7 /* CoverFundraiserDetailView.swift */; };
		672E15DD27DA93B6007FE2B7 /* CoverFundraiserDetailView.swift in Sources */ = {isa = PBXBuildFile; fileRef = 672E15DA27DA93B6007FE2B7 /* CoverFundraiserDetailView.swift */; };
		672E15DE27DA93B6007FE2B7 /* CoverFundraiserDetailView.swift in Sources */ = {isa = PBXBuildFile; fileRef = 672E15DA27DA93B6007FE2B7 /* CoverFundraiserDetailView.swift */; };
		672E15E027DA9540007FE2B7 /* TotalDonatedView.swift in Sources */ = {isa = PBXBuildFile; fileRef = 672E15DF27DA9540007FE2B7 /* TotalDonatedView.swift */; };
		672E15E127DA9540007FE2B7 /* TotalDonatedView.swift in Sources */ = {isa = PBXBuildFile; fileRef = 672E15DF27DA9540007FE2B7 /* TotalDonatedView.swift */; };
		672E15E227DA9540007FE2B7 /* TotalDonatedView.swift in Sources */ = {isa = PBXBuildFile; fileRef = 672E15DF27DA9540007FE2B7 /* TotalDonatedView.swift */; };
		672E15E327DA9540007FE2B7 /* TotalDonatedView.swift in Sources */ = {isa = PBXBuildFile; fileRef = 672E15DF27DA9540007FE2B7 /* TotalDonatedView.swift */; };
		672E15E927DACF81007FE2B7 /* HomeView.swift in Sources */ = {isa = PBXBuildFile; fileRef = 672E15E827DACF81007FE2B7 /* HomeView.swift */; };
		672E15EA27DACF81007FE2B7 /* HomeView.swift in Sources */ = {isa = PBXBuildFile; fileRef = 672E15E827DACF81007FE2B7 /* HomeView.swift */; };
		672E15EB27DACF81007FE2B7 /* HomeView.swift in Sources */ = {isa = PBXBuildFile; fileRef = 672E15E827DACF81007FE2B7 /* HomeView.swift */; };
		672E15EC27DACF81007FE2B7 /* HomeView.swift in Sources */ = {isa = PBXBuildFile; fileRef = 672E15E827DACF81007FE2B7 /* HomeView.swift */; };
		672E15F327DB8761007FE2B7 /* HomeCategoriesView.swift in Sources */ = {isa = PBXBuildFile; fileRef = 672E15F227DB8761007FE2B7 /* HomeCategoriesView.swift */; };
		672E15F427DB8761007FE2B7 /* HomeCategoriesView.swift in Sources */ = {isa = PBXBuildFile; fileRef = 672E15F227DB8761007FE2B7 /* HomeCategoriesView.swift */; };
		672E15F527DB8761007FE2B7 /* HomeCategoriesView.swift in Sources */ = {isa = PBXBuildFile; fileRef = 672E15F227DB8761007FE2B7 /* HomeCategoriesView.swift */; };
		672E15F627DB8761007FE2B7 /* HomeCategoriesView.swift in Sources */ = {isa = PBXBuildFile; fileRef = 672E15F227DB8761007FE2B7 /* HomeCategoriesView.swift */; };
		67686B2627BC2D66005F16AB /* Localizable.strings in Resources */ = {isa = PBXBuildFile; fileRef = 67686B2927BC2D66005F16AB /* Localizable.strings */; };
		67686B2727BC2D66005F16AB /* Localizable.strings in Resources */ = {isa = PBXBuildFile; fileRef = 67686B2927BC2D66005F16AB /* Localizable.strings */; };
		67686B2E27BC2E66005F16AB /* String+Localizable.swift in Sources */ = {isa = PBXBuildFile; fileRef = 67686B2D27BC2E66005F16AB /* String+Localizable.swift */; };
		67686B2F27BC2E66005F16AB /* String+Localizable.swift in Sources */ = {isa = PBXBuildFile; fileRef = 67686B2D27BC2E66005F16AB /* String+Localizable.swift */; };
		67686B3127BC31A7005F16AB /* StringProtocol+Shortcuts.swift in Sources */ = {isa = PBXBuildFile; fileRef = 67686B3027BC31A7005F16AB /* StringProtocol+Shortcuts.swift */; };
		67686B3227BC31A7005F16AB /* StringProtocol+Shortcuts.swift in Sources */ = {isa = PBXBuildFile; fileRef = 67686B3027BC31A7005F16AB /* StringProtocol+Shortcuts.swift */; };
		67686B3427BC38FA005F16AB /* Category.swift in Sources */ = {isa = PBXBuildFile; fileRef = 67686B3327BC38FA005F16AB /* Category.swift */; };
		67686B3527BC38FA005F16AB /* Category.swift in Sources */ = {isa = PBXBuildFile; fileRef = 67686B3327BC38FA005F16AB /* Category.swift */; };
		67BC87E127B1BD030082B385 /* Tests_iOS.swift in Sources */ = {isa = PBXBuildFile; fileRef = 67BC87E027B1BD030082B385 /* Tests_iOS.swift */; };
		67BC87E327B1BD030082B385 /* Tests_iOSLaunchTests.swift in Sources */ = {isa = PBXBuildFile; fileRef = 67BC87E227B1BD030082B385 /* Tests_iOSLaunchTests.swift */; };
		67BC87ED27B1BD030082B385 /* Tests_macOS.swift in Sources */ = {isa = PBXBuildFile; fileRef = 67BC87EC27B1BD030082B385 /* Tests_macOS.swift */; };
		67BC87EF27B1BD030082B385 /* Tests_macOSLaunchTests.swift in Sources */ = {isa = PBXBuildFile; fileRef = 67BC87EE27B1BD030082B385 /* Tests_macOSLaunchTests.swift */; };
		67BC87F027B1BD030082B385 /* Donate_For_SmileApp.swift in Sources */ = {isa = PBXBuildFile; fileRef = 67BC87C827B1BD010082B385 /* Donate_For_SmileApp.swift */; };
		67BC87F127B1BD030082B385 /* Donate_For_SmileApp.swift in Sources */ = {isa = PBXBuildFile; fileRef = 67BC87C827B1BD010082B385 /* Donate_For_SmileApp.swift */; };
		67BC87F227B1BD030082B385 /* ContentView.swift in Sources */ = {isa = PBXBuildFile; fileRef = 67BC87C927B1BD010082B385 /* ContentView.swift */; };
		67BC87F327B1BD030082B385 /* ContentView.swift in Sources */ = {isa = PBXBuildFile; fileRef = 67BC87C927B1BD010082B385 /* ContentView.swift */; };
		67BC87F427B1BD030082B385 /* Assets.xcassets in Resources */ = {isa = PBXBuildFile; fileRef = 67BC87CA27B1BD030082B385 /* Assets.xcassets */; };
		67BC87F527B1BD030082B385 /* Assets.xcassets in Resources */ = {isa = PBXBuildFile; fileRef = 67BC87CA27B1BD030082B385 /* Assets.xcassets */; };
		67BC880927B1BD950082B385 /* Metropolis-SemiBold.otf in Resources */ = {isa = PBXBuildFile; fileRef = 67BC880527B1BD950082B385 /* Metropolis-SemiBold.otf */; };
		67BC880A27B1BD950082B385 /* Metropolis-SemiBold.otf in Resources */ = {isa = PBXBuildFile; fileRef = 67BC880527B1BD950082B385 /* Metropolis-SemiBold.otf */; };
		67BC880B27B1BD950082B385 /* Metropolis-SemiBold.otf in Resources */ = {isa = PBXBuildFile; fileRef = 67BC880527B1BD950082B385 /* Metropolis-SemiBold.otf */; };
		67BC880C27B1BD950082B385 /* Metropolis-SemiBold.otf in Resources */ = {isa = PBXBuildFile; fileRef = 67BC880527B1BD950082B385 /* Metropolis-SemiBold.otf */; };
		67BC880D27B1BD950082B385 /* Metropolis-Regular.otf in Resources */ = {isa = PBXBuildFile; fileRef = 67BC880627B1BD950082B385 /* Metropolis-Regular.otf */; };
		67BC880E27B1BD950082B385 /* Metropolis-Regular.otf in Resources */ = {isa = PBXBuildFile; fileRef = 67BC880627B1BD950082B385 /* Metropolis-Regular.otf */; };
		67BC880F27B1BD950082B385 /* Metropolis-Regular.otf in Resources */ = {isa = PBXBuildFile; fileRef = 67BC880627B1BD950082B385 /* Metropolis-Regular.otf */; };
		67BC881027B1BD950082B385 /* Metropolis-Regular.otf in Resources */ = {isa = PBXBuildFile; fileRef = 67BC880627B1BD950082B385 /* Metropolis-Regular.otf */; };
		67BC881127B1BD950082B385 /* Metropolis-Bold.otf in Resources */ = {isa = PBXBuildFile; fileRef = 67BC880727B1BD950082B385 /* Metropolis-Bold.otf */; };
		67BC881227B1BD950082B385 /* Metropolis-Bold.otf in Resources */ = {isa = PBXBuildFile; fileRef = 67BC880727B1BD950082B385 /* Metropolis-Bold.otf */; };
		67BC881327B1BD950082B385 /* Metropolis-Bold.otf in Resources */ = {isa = PBXBuildFile; fileRef = 67BC880727B1BD950082B385 /* Metropolis-Bold.otf */; };
		67BC881427B1BD950082B385 /* Metropolis-Bold.otf in Resources */ = {isa = PBXBuildFile; fileRef = 67BC880727B1BD950082B385 /* Metropolis-Bold.otf */; };
		67BC881527B1BD950082B385 /* Metropolis-Medium.otf in Resources */ = {isa = PBXBuildFile; fileRef = 67BC880827B1BD950082B385 /* Metropolis-Medium.otf */; };
		67BC881627B1BD950082B385 /* Metropolis-Medium.otf in Resources */ = {isa = PBXBuildFile; fileRef = 67BC880827B1BD950082B385 /* Metropolis-Medium.otf */; };
		67BC881727B1BD950082B385 /* Metropolis-Medium.otf in Resources */ = {isa = PBXBuildFile; fileRef = 67BC880827B1BD950082B385 /* Metropolis-Medium.otf */; };
		67BC881827B1BD950082B385 /* Metropolis-Medium.otf in Resources */ = {isa = PBXBuildFile; fileRef = 67BC880827B1BD950082B385 /* Metropolis-Medium.otf */; };
		67BC881C27B1E2650082B385 /* FundraiserItem.swift in Sources */ = {isa = PBXBuildFile; fileRef = 67BC881B27B1E2650082B385 /* FundraiserItem.swift */; };
		67BC881D27B1E2650082B385 /* FundraiserItem.swift in Sources */ = {isa = PBXBuildFile; fileRef = 67BC881B27B1E2650082B385 /* FundraiserItem.swift */; };
		67BC881E27B1E2650082B385 /* FundraiserItem.swift in Sources */ = {isa = PBXBuildFile; fileRef = 67BC881B27B1E2650082B385 /* FundraiserItem.swift */; };
		67BC881F27B1E2650082B385 /* FundraiserItem.swift in Sources */ = {isa = PBXBuildFile; fileRef = 67BC881B27B1E2650082B385 /* FundraiserItem.swift */; };
		67BC882127B1E27A0082B385 /* Helpers.swift in Sources */ = {isa = PBXBuildFile; fileRef = 67BC882027B1E27A0082B385 /* Helpers.swift */; };
		67BC882227B1E27A0082B385 /* Helpers.swift in Sources */ = {isa = PBXBuildFile; fileRef = 67BC882027B1E27A0082B385 /* Helpers.swift */; };
		67BC882327B1E27A0082B385 /* Helpers.swift in Sources */ = {isa = PBXBuildFile; fileRef = 67BC882027B1E27A0082B385 /* Helpers.swift */; };
		67BC882427B1E27A0082B385 /* Helpers.swift in Sources */ = {isa = PBXBuildFile; fileRef = 67BC882027B1E27A0082B385 /* Helpers.swift */; };
		67BC882627B1E42E0082B385 /* ProgressBarView.swift in Sources */ = {isa = PBXBuildFile; fileRef = 67BC882527B1E42E0082B385 /* ProgressBarView.swift */; };
		67BC882727B1E42E0082B385 /* ProgressBarView.swift in Sources */ = {isa = PBXBuildFile; fileRef = 67BC882527B1E42E0082B385 /* ProgressBarView.swift */; };
		67BC882827B1E42E0082B385 /* ProgressBarView.swift in Sources */ = {isa = PBXBuildFile; fileRef = 67BC882527B1E42E0082B385 /* ProgressBarView.swift */; };
		67BC882927B1E42E0082B385 /* ProgressBarView.swift in Sources */ = {isa = PBXBuildFile; fileRef = 67BC882527B1E42E0082B385 /* ProgressBarView.swift */; };
		67BC883927B2DF800082B385 /* SearchBarView.swift in Sources */ = {isa = PBXBuildFile; fileRef = 67BC883827B2DF800082B385 /* SearchBarView.swift */; };
		67BC883A27B2DF800082B385 /* SearchBarView.swift in Sources */ = {isa = PBXBuildFile; fileRef = 67BC883827B2DF800082B385 /* SearchBarView.swift */; };
		67BC883B27B2DF800082B385 /* SearchBarView.swift in Sources */ = {isa = PBXBuildFile; fileRef = 67BC883827B2DF800082B385 /* SearchBarView.swift */; };
		67BC883C27B2DF800082B385 /* SearchBarView.swift in Sources */ = {isa = PBXBuildFile; fileRef = 67BC883827B2DF800082B385 /* SearchBarView.swift */; };
		67BC883E27B2E5DE0082B385 /* FundraiserListView.swift in Sources */ = {isa = PBXBuildFile; fileRef = 67BC883D27B2E5DE0082B385 /* FundraiserListView.swift */; };
		67BC883F27B2E5DE0082B385 /* FundraiserListView.swift in Sources */ = {isa = PBXBuildFile; fileRef = 67BC883D27B2E5DE0082B385 /* FundraiserListView.swift */; };
		67BC884027B2E5DE0082B385 /* FundraiserListView.swift in Sources */ = {isa = PBXBuildFile; fileRef = 67BC883D27B2E5DE0082B385 /* FundraiserListView.swift */; };
		67BC884127B2E5DE0082B385 /* FundraiserListView.swift in Sources */ = {isa = PBXBuildFile; fileRef = 67BC883D27B2E5DE0082B385 /* FundraiserListView.swift */; };
/* End PBXBuildFile section */

/* Begin PBXContainerItemProxy section */
		67BC87DD27B1BD030082B385 /* PBXContainerItemProxy */ = {
			isa = PBXContainerItemProxy;
			containerPortal = 67BC87C327B1BD010082B385 /* Project object */;
			proxyType = 1;
			remoteGlobalIDString = 67BC87CE27B1BD030082B385;
			remoteInfo = "Donate For Smile (iOS)";
		};
		67BC87E927B1BD030082B385 /* PBXContainerItemProxy */ = {
			isa = PBXContainerItemProxy;
			containerPortal = 67BC87C327B1BD010082B385 /* Project object */;
			proxyType = 1;
			remoteGlobalIDString = 67BC87D427B1BD030082B385;
			remoteInfo = "Donate For Smile (macOS)";
		};
/* End PBXContainerItemProxy section */

/* Begin PBXFileReference section */
		670A849227B314E30095F24E /* FundraiserDetailView.swift */ = {isa = PBXFileReference; lastKnownFileType = sourcecode.swift; path = FundraiserDetailView.swift; sourceTree = "<group>"; };
		670A849727B316A70095F24E /* RemainingDonationView.swift */ = {isa = PBXFileReference; lastKnownFileType = sourcecode.swift; path = RemainingDonationView.swift; sourceTree = "<group>"; };
		670A849D27B36DC00095F24E /* FundraiserDO.swift */ = {isa = PBXFileReference; lastKnownFileType = sourcecode.swift; path = FundraiserDO.swift; sourceTree = "<group>"; };
		670A84A227B36E420095F24E /* OrganiserDO.swift */ = {isa = PBXFileReference; lastKnownFileType = sourcecode.swift; path = OrganiserDO.swift; sourceTree = "<group>"; };
		670A854727B57ED00095F24E /* FundraiserListViewModel.swift */ = {isa = PBXFileReference; lastKnownFileType = sourcecode.swift; path = FundraiserListViewModel.swift; sourceTree = "<group>"; };
		670A854A27B5811B0095F24E /* FetchFundraiserUseCase.swift */ = {isa = PBXFileReference; lastKnownFileType = sourcecode.swift; path = FetchFundraiserUseCase.swift; sourceTree = "<group>"; };
		670A854D27B59F6C0095F24E /* MockEntities.swift */ = {isa = PBXFileReference; lastKnownFileType = sourcecode.swift; path = MockEntities.swift; sourceTree = "<group>"; };
		67183DB527BE926700932580 /* SharedDataModel.swift */ = {isa = PBXFileReference; lastKnownFileType = sourcecode.swift; path = SharedDataModel.swift; sourceTree = "<group>"; };
		67183DBB27BFEA5E00932580 /* FilterCategoriesView.swift */ = {isa = PBXFileReference; lastKnownFileType = sourcecode.swift; path = FilterCategoriesView.swift; sourceTree = "<group>"; };
		67183DDC27C6F0DC00932580 /* CategoryItemView.swift */ = {isa = PBXFileReference; lastKnownFileType = sourcecode.swift; path = CategoryItemView.swift; sourceTree = "<group>"; };
		671D557827DB9DF3003EF0C8 /* SwiftUIVideoView.swift */ = {isa = PBXFileReference; lastKnownFileType = sourcecode.swift; path = SwiftUIVideoView.swift; sourceTree = "<group>"; };
		671D557A27DB9E66003EF0C8 /* VideoCoverView.swift */ = {isa = PBXFileReference; lastKnownFileType = sourcecode.swift; path = VideoCoverView.swift; sourceTree = "<group>"; };
		671D557C27DB9E9A003EF0C8 /* NavigationBarHomeView.swift */ = {isa = PBXFileReference; lastKnownFileType = sourcecode.swift; path = NavigationBarHomeView.swift; sourceTree = "<group>"; };
		671D557F27DBA578003EF0C8 /* HomeViewModel.swift */ = {isa = PBXFileReference; lastKnownFileType = sourcecode.swift; path = HomeViewModel.swift; sourceTree = "<group>"; };
		671D558127DBAAA2003EF0C8 /* TopFundRaisersView.swift */ = {isa = PBXFileReference; lastKnownFileType = sourcecode.swift; path = TopFundRaisersView.swift; sourceTree = "<group>"; };
		671D558327DBAB4B003EF0C8 /* NewCampaignListView.swift */ = {isa = PBXFileReference; lastKnownFileType = sourcecode.swift; path = NewCampaignListView.swift; sourceTree = "<group>"; };
		671D558627DBC43F003EF0C8 /* SavedListView.swift */ = {isa = PBXFileReference; lastKnownFileType = sourcecode.swift; path = SavedListView.swift; sourceTree = "<group>"; };
		671D558A27DBC499003EF0C8 /* SavedListViewModel.swift */ = {isa = PBXFileReference; lastKnownFileType = sourcecode.swift; path = SavedListViewModel.swift; sourceTree = "<group>"; };
		671D558E27DBC6AC003EF0C8 /* SettingsView.swift */ = {isa = PBXFileReference; lastKnownFileType = sourcecode.swift; path = SettingsView.swift; sourceTree = "<group>"; };
		672E15D527DA92FB007FE2B7 /* AvatarDonatedView.swift */ = {isa = PBXFileReference; lastKnownFileType = sourcecode.swift; path = AvatarDonatedView.swift; sourceTree = "<group>"; };
		672E15DA27DA93B6007FE2B7 /* CoverFundraiserDetailView.swift */ = {isa = PBXFileReference; lastKnownFileType = sourcecode.swift; path = CoverFundraiserDetailView.swift; sourceTree = "<group>"; };
		672E15DF27DA9540007FE2B7 /* TotalDonatedView.swift */ = {isa = PBXFileReference; lastKnownFileType = sourcecode.swift; path = TotalDonatedView.swift; sourceTree = "<group>"; };
		672E15E827DACF81007FE2B7 /* HomeView.swift */ = {isa = PBXFileReference; lastKnownFileType = sourcecode.swift; path = HomeView.swift; sourceTree = "<group>"; };
		672E15F227DB8761007FE2B7 /* HomeCategoriesView.swift */ = {isa = PBXFileReference; lastKnownFileType = sourcecode.swift; path = HomeCategoriesView.swift; sourceTree = "<group>"; };
		67686B2827BC2D66005F16AB /* en */ = {isa = PBXFileReference; lastKnownFileType = text.plist.strings; name = en; path = en.lproj/Localizable.strings; sourceTree = "<group>"; };
		67686B2A27BC2D6A005F16AB /* pt-BR */ = {isa = PBXFileReference; lastKnownFileType = text.plist.strings; name = "pt-BR"; path = "pt-BR.lproj/Localizable.strings"; sourceTree = "<group>"; };
		67686B2B27BC2D6B005F16AB /* es */ = {isa = PBXFileReference; lastKnownFileType = text.plist.strings; name = es; path = es.lproj/Localizable.strings; sourceTree = "<group>"; };
		67686B2D27BC2E66005F16AB /* String+Localizable.swift */ = {isa = PBXFileReference; lastKnownFileType = sourcecode.swift; path = "String+Localizable.swift"; sourceTree = "<group>"; };
		67686B3027BC31A7005F16AB /* StringProtocol+Shortcuts.swift */ = {isa = PBXFileReference; lastKnownFileType = sourcecode.swift; path = "StringProtocol+Shortcuts.swift"; sourceTree = "<group>"; };
		67686B3327BC38FA005F16AB /* Category.swift */ = {isa = PBXFileReference; lastKnownFileType = sourcecode.swift; path = Category.swift; sourceTree = "<group>"; };
		67BC87C827B1BD010082B385 /* Donate_For_SmileApp.swift */ = {isa = PBXFileReference; lastKnownFileType = sourcecode.swift; path = Donate_For_SmileApp.swift; sourceTree = "<group>"; };
		67BC87C927B1BD010082B385 /* ContentView.swift */ = {isa = PBXFileReference; lastKnownFileType = sourcecode.swift; path = ContentView.swift; sourceTree = "<group>"; };
		67BC87CA27B1BD030082B385 /* Assets.xcassets */ = {isa = PBXFileReference; lastKnownFileType = folder.assetcatalog; path = Assets.xcassets; sourceTree = "<group>"; };
		67BC87CF27B1BD030082B385 /* Donate For Smile.app */ = {isa = PBXFileReference; explicitFileType = wrapper.application; includeInIndex = 0; path = "Donate For Smile.app"; sourceTree = BUILT_PRODUCTS_DIR; };
		67BC87D527B1BD030082B385 /* Donate For Smile.app */ = {isa = PBXFileReference; explicitFileType = wrapper.application; includeInIndex = 0; path = "Donate For Smile.app"; sourceTree = BUILT_PRODUCTS_DIR; };
		67BC87D727B1BD030082B385 /* macOS.entitlements */ = {isa = PBXFileReference; lastKnownFileType = text.plist.entitlements; path = macOS.entitlements; sourceTree = "<group>"; };
		67BC87DC27B1BD030082B385 /* Tests iOS.xctest */ = {isa = PBXFileReference; explicitFileType = wrapper.cfbundle; includeInIndex = 0; path = "Tests iOS.xctest"; sourceTree = BUILT_PRODUCTS_DIR; };
		67BC87E027B1BD030082B385 /* Tests_iOS.swift */ = {isa = PBXFileReference; lastKnownFileType = sourcecode.swift; path = Tests_iOS.swift; sourceTree = "<group>"; };
		67BC87E227B1BD030082B385 /* Tests_iOSLaunchTests.swift */ = {isa = PBXFileReference; lastKnownFileType = sourcecode.swift; path = Tests_iOSLaunchTests.swift; sourceTree = "<group>"; };
		67BC87E827B1BD030082B385 /* Tests macOS.xctest */ = {isa = PBXFileReference; explicitFileType = wrapper.cfbundle; includeInIndex = 0; path = "Tests macOS.xctest"; sourceTree = BUILT_PRODUCTS_DIR; };
		67BC87EC27B1BD030082B385 /* Tests_macOS.swift */ = {isa = PBXFileReference; lastKnownFileType = sourcecode.swift; path = Tests_macOS.swift; sourceTree = "<group>"; };
		67BC87EE27B1BD030082B385 /* Tests_macOSLaunchTests.swift */ = {isa = PBXFileReference; lastKnownFileType = sourcecode.swift; path = Tests_macOSLaunchTests.swift; sourceTree = "<group>"; };
		67BC880527B1BD950082B385 /* Metropolis-SemiBold.otf */ = {isa = PBXFileReference; lastKnownFileType = file; path = "Metropolis-SemiBold.otf"; sourceTree = "<group>"; };
		67BC880627B1BD950082B385 /* Metropolis-Regular.otf */ = {isa = PBXFileReference; lastKnownFileType = file; path = "Metropolis-Regular.otf"; sourceTree = "<group>"; };
		67BC880727B1BD950082B385 /* Metropolis-Bold.otf */ = {isa = PBXFileReference; lastKnownFileType = file; path = "Metropolis-Bold.otf"; sourceTree = "<group>"; };
		67BC880827B1BD950082B385 /* Metropolis-Medium.otf */ = {isa = PBXFileReference; lastKnownFileType = file; path = "Metropolis-Medium.otf"; sourceTree = "<group>"; };
		67BC881927B1BDC80082B385 /* Donate-For-Smile--iOS--Info.plist */ = {isa = PBXFileReference; lastKnownFileType = text.plist; path = "Donate-For-Smile--iOS--Info.plist"; sourceTree = "<group>"; };
		67BC881B27B1E2650082B385 /* FundraiserItem.swift */ = {isa = PBXFileReference; lastKnownFileType = sourcecode.swift; path = FundraiserItem.swift; sourceTree = "<group>"; };
		67BC882027B1E27A0082B385 /* Helpers.swift */ = {isa = PBXFileReference; lastKnownFileType = sourcecode.swift; path = Helpers.swift; sourceTree = "<group>"; };
		67BC882527B1E42E0082B385 /* ProgressBarView.swift */ = {isa = PBXFileReference; lastKnownFileType = sourcecode.swift; path = ProgressBarView.swift; sourceTree = "<group>"; };
		67BC883827B2DF800082B385 /* SearchBarView.swift */ = {isa = PBXFileReference; lastKnownFileType = sourcecode.swift; path = SearchBarView.swift; sourceTree = "<group>"; };
		67BC883D27B2E5DE0082B385 /* FundraiserListView.swift */ = {isa = PBXFileReference; lastKnownFileType = sourcecode.swift; path = FundraiserListView.swift; sourceTree = "<group>"; };
/* End PBXFileReference section */

/* Begin PBXFrameworksBuildPhase section */
		67BC87CC27B1BD030082B385 /* Frameworks */ = {
			isa = PBXFrameworksBuildPhase;
			buildActionMask = 2147483647;
			files = (
			);
			runOnlyForDeploymentPostprocessing = 0;
		};
		67BC87D227B1BD030082B385 /* Frameworks */ = {
			isa = PBXFrameworksBuildPhase;
			buildActionMask = 2147483647;
			files = (
			);
			runOnlyForDeploymentPostprocessing = 0;
		};
		67BC87D927B1BD030082B385 /* Frameworks */ = {
			isa = PBXFrameworksBuildPhase;
			buildActionMask = 2147483647;
			files = (
			);
			runOnlyForDeploymentPostprocessing = 0;
		};
		67BC87E527B1BD030082B385 /* Frameworks */ = {
			isa = PBXFrameworksBuildPhase;
			buildActionMask = 2147483647;
			files = (
			);
			runOnlyForDeploymentPostprocessing = 0;
		};
/* End PBXFrameworksBuildPhase section */

/* Begin PBXGroup section */
		670A853827B5536C0095F24E /* Domain */ = {
			isa = PBXGroup;
			children = (
				670A853E27B554080095F24E /* Entities */,
				670A853D27B554020095F24E /* UseCases */,
				670A853C27B553F60095F24E /* Interfaces */,
			);
			path = Domain;
			sourceTree = "<group>";
		};
		670A853927B553750095F24E /* Application */ = {
			isa = PBXGroup;
			children = (
				67BC87C827B1BD010082B385 /* Donate_For_SmileApp.swift */,
				67BC87C927B1BD010082B385 /* ContentView.swift */,
				67BC87CA27B1BD030082B385 /* Assets.xcassets */,
				67686B2927BC2D66005F16AB /* Localizable.strings */,
			);
			path = Application;
			sourceTree = "<group>";
		};
		670A853A27B553800095F24E /* Presentation */ = {
			isa = PBXGroup;
			children = (
				671D558C27DBC69B003EF0C8 /* Settings */,
				671D558527DBC42F003EF0C8 /* Saved */,
				672E15F727DB9D75007FE2B7 /* Video */,
				672E15E527DACF67007FE2B7 /* Home */,
				67183DBA27BFEA4100932580 /* Categories */,
				67686B2C27BC2E14005F16AB /* Extensions */,
				67BC882027B1E27A0082B385 /* Helpers.swift */,
				67BC883727B2DF660082B385 /* SharedComponents */,
				67BC881A27B1E2470082B385 /* Fundraiser */,
				67183DB527BE926700932580 /* SharedDataModel.swift */,
			);
			path = Presentation;
			sourceTree = "<group>";
		};
		670A853B27B553910095F24E /* Data */ = {
			isa = PBXGroup;
			children = (
				670A854C27B59F2F0095F24E /* Mocks */,
				670A854227B554F80095F24E /* Repositories */,
				670A854327B555060095F24E /* Network */,
				670A854427B555110095F24E /* PersistentStores */,
			);
			path = Data;
			sourceTree = "<group>";
		};
		670A853C27B553F60095F24E /* Interfaces */ = {
			isa = PBXGroup;
			children = (
				670A853F27B554190095F24E /* Repositories */,
			);
			path = Interfaces;
			sourceTree = "<group>";
		};
		670A853D27B554020095F24E /* UseCases */ = {
			isa = PBXGroup;
			children = (
				670A854A27B5811B0095F24E /* FetchFundraiserUseCase.swift */,
			);
			path = UseCases;
			sourceTree = "<group>";
		};
		670A853E27B554080095F24E /* Entities */ = {
			isa = PBXGroup;
			children = (
				670A849D27B36DC00095F24E /* FundraiserDO.swift */,
				670A84A227B36E420095F24E /* OrganiserDO.swift */,
				67686B3327BC38FA005F16AB /* Category.swift */,
			);
			path = Entities;
			sourceTree = "<group>";
		};
		670A853F27B554190095F24E /* Repositories */ = {
			isa = PBXGroup;
			children = (
			);
			path = Repositories;
			sourceTree = "<group>";
		};
		670A854027B554990095F24E /* ViewModel */ = {
			isa = PBXGroup;
			children = (
				670A854727B57ED00095F24E /* FundraiserListViewModel.swift */,
			);
			path = ViewModel;
			sourceTree = "<group>";
		};
		670A854127B554A30095F24E /* View */ = {
			isa = PBXGroup;
			children = (
				672E15E427DA9748007FE2B7 /* FundraiserDetail */,
				67BC881B27B1E2650082B385 /* FundraiserItem.swift */,
				67BC882527B1E42E0082B385 /* ProgressBarView.swift */,
				67BC883D27B2E5DE0082B385 /* FundraiserListView.swift */,
				670A849727B316A70095F24E /* RemainingDonationView.swift */,
			);
			path = View;
			sourceTree = "<group>";
		};
		670A854227B554F80095F24E /* Repositories */ = {
			isa = PBXGroup;
			children = (
			);
			path = Repositories;
			sourceTree = "<group>";
		};
		670A854327B555060095F24E /* Network */ = {
			isa = PBXGroup;
			children = (
			);
			path = Network;
			sourceTree = "<group>";
		};
		670A854427B555110095F24E /* PersistentStores */ = {
			isa = PBXGroup;
			children = (
			);
			path = PersistentStores;
			sourceTree = "<group>";
		};
		670A854527B555300095F24E /* Infrastructure */ = {
			isa = PBXGroup;
			children = (
				670A854627B555480095F24E /* Network */,
			);
			path = Infrastructure;
			sourceTree = "<group>";
		};
		670A854627B555480095F24E /* Network */ = {
			isa = PBXGroup;
			children = (
			);
			path = Network;
			sourceTree = "<group>";
		};
		670A854C27B59F2F0095F24E /* Mocks */ = {
			isa = PBXGroup;
			children = (
				670A854D27B59F6C0095F24E /* MockEntities.swift */,
			);
			path = Mocks;
			sourceTree = "<group>";
		};
		67183DBA27BFEA4100932580 /* Categories */ = {
			isa = PBXGroup;
			children = (
				67183DBB27BFEA5E00932580 /* FilterCategoriesView.swift */,
				67183DDC27C6F0DC00932580 /* CategoryItemView.swift */,
			);
			path = Categories;
			sourceTree = "<group>";
		};
		671D557E27DBA559003EF0C8 /* ViewModel */ = {
			isa = PBXGroup;
			children = (
				671D557F27DBA578003EF0C8 /* HomeViewModel.swift */,
			);
			path = ViewModel;
			sourceTree = "<group>";
		};
		671D558527DBC42F003EF0C8 /* Saved */ = {
			isa = PBXGroup;
			children = (
				671D558927DBC47C003EF0C8 /* ViewModel */,
				671D558827DBC476003EF0C8 /* View */,
			);
			path = Saved;
			sourceTree = "<group>";
		};
		671D558827DBC476003EF0C8 /* View */ = {
			isa = PBXGroup;
			children = (
				671D558627DBC43F003EF0C8 /* SavedListView.swift */,
			);
			path = View;
			sourceTree = "<group>";
		};
		671D558927DBC47C003EF0C8 /* ViewModel */ = {
			isa = PBXGroup;
			children = (
				671D558A27DBC499003EF0C8 /* SavedListViewModel.swift */,
			);
			path = ViewModel;
			sourceTree = "<group>";
		};
		671D558C27DBC69B003EF0C8 /* Settings */ = {
			isa = PBXGroup;
			children = (
				671D558D27DBC6A1003EF0C8 /* View */,
			);
			path = Settings;
			sourceTree = "<group>";
		};
		671D558D27DBC6A1003EF0C8 /* View */ = {
			isa = PBXGroup;
			children = (
				671D558E27DBC6AC003EF0C8 /* SettingsView.swift */,
			);
			path = View;
			sourceTree = "<group>";
		};
		672E15E427DA9748007FE2B7 /* FundraiserDetail */ = {
			isa = PBXGroup;
			children = (
				670A849227B314E30095F24E /* FundraiserDetailView.swift */,
				672E15DA27DA93B6007FE2B7 /* CoverFundraiserDetailView.swift */,
				672E15DF27DA9540007FE2B7 /* TotalDonatedView.swift */,
				672E15D527DA92FB007FE2B7 /* AvatarDonatedView.swift */,
			);
			path = FundraiserDetail;
			sourceTree = "<group>";
		};
		672E15E527DACF67007FE2B7 /* Home */ = {
			isa = PBXGroup;
			children = (
				671D557E27DBA559003EF0C8 /* ViewModel */,
				672E15E627DACF6F007FE2B7 /* View */,
			);
			path = Home;
			sourceTree = "<group>";
		};
		672E15E627DACF6F007FE2B7 /* View */ = {
			isa = PBXGroup;
			children = (
				672E15E827DACF81007FE2B7 /* HomeView.swift */,
				672E15F227DB8761007FE2B7 /* HomeCategoriesView.swift */,
				671D557C27DB9E9A003EF0C8 /* NavigationBarHomeView.swift */,
				671D558127DBAAA2003EF0C8 /* TopFundRaisersView.swift */,
				671D558327DBAB4B003EF0C8 /* NewCampaignListView.swift */,
			);
			path = View;
			sourceTree = "<group>";
		};
		672E15F727DB9D75007FE2B7 /* Video */ = {
			isa = PBXGroup;
			children = (
				671D557827DB9DF3003EF0C8 /* SwiftUIVideoView.swift */,
				671D557A27DB9E66003EF0C8 /* VideoCoverView.swift */,
			);
			path = Video;
			sourceTree = "<group>";
		};
		67686B2C27BC2E14005F16AB /* Extensions */ = {
			isa = PBXGroup;
			children = (
				67686B2D27BC2E66005F16AB /* String+Localizable.swift */,
				67686B3027BC31A7005F16AB /* StringProtocol+Shortcuts.swift */,
			);
			path = Extensions;
			sourceTree = "<group>";
		};
		67BC87C227B1BD010082B385 = {
			isa = PBXGroup;
			children = (
				67BC881927B1BDC80082B385 /* Donate-For-Smile--iOS--Info.plist */,
				67BC87C727B1BD010082B385 /* Shared */,
				67BC87D627B1BD030082B385 /* macOS */,
				67BC87DF27B1BD030082B385 /* Tests iOS */,
				67BC87EB27B1BD030082B385 /* Tests macOS */,
				67BC87D027B1BD030082B385 /* Products */,
			);
			sourceTree = "<group>";
		};
		67BC87C727B1BD010082B385 /* Shared */ = {
			isa = PBXGroup;
			children = (
				670A853927B553750095F24E /* Application */,
				670A853B27B553910095F24E /* Data */,
				670A853827B5536C0095F24E /* Domain */,
				670A854527B555300095F24E /* Infrastructure */,
				670A853A27B553800095F24E /* Presentation */,
				67BC880427B1BD260082B385 /* Custom Fonts */,
			);
			path = Shared;
			sourceTree = "<group>";
		};
		67BC87D027B1BD030082B385 /* Products */ = {
			isa = PBXGroup;
			children = (
				67BC87CF27B1BD030082B385 /* Donate For Smile.app */,
				67BC87D527B1BD030082B385 /* Donate For Smile.app */,
				67BC87DC27B1BD030082B385 /* Tests iOS.xctest */,
				67BC87E827B1BD030082B385 /* Tests macOS.xctest */,
			);
			name = Products;
			sourceTree = "<group>";
		};
		67BC87D627B1BD030082B385 /* macOS */ = {
			isa = PBXGroup;
			children = (
				67BC87D727B1BD030082B385 /* macOS.entitlements */,
			);
			path = macOS;
			sourceTree = "<group>";
		};
		67BC87DF27B1BD030082B385 /* Tests iOS */ = {
			isa = PBXGroup;
			children = (
				67BC87E027B1BD030082B385 /* Tests_iOS.swift */,
				67BC87E227B1BD030082B385 /* Tests_iOSLaunchTests.swift */,
			);
			path = "Tests iOS";
			sourceTree = "<group>";
		};
		67BC87EB27B1BD030082B385 /* Tests macOS */ = {
			isa = PBXGroup;
			children = (
				67BC87EC27B1BD030082B385 /* Tests_macOS.swift */,
				67BC87EE27B1BD030082B385 /* Tests_macOSLaunchTests.swift */,
			);
			path = "Tests macOS";
			sourceTree = "<group>";
		};
		67BC880427B1BD260082B385 /* Custom Fonts */ = {
			isa = PBXGroup;
			children = (
				67BC880727B1BD950082B385 /* Metropolis-Bold.otf */,
				67BC880827B1BD950082B385 /* Metropolis-Medium.otf */,
				67BC880627B1BD950082B385 /* Metropolis-Regular.otf */,
				67BC880527B1BD950082B385 /* Metropolis-SemiBold.otf */,
			);
			path = "Custom Fonts";
			sourceTree = "<group>";
		};
		67BC881A27B1E2470082B385 /* Fundraiser */ = {
			isa = PBXGroup;
			children = (
				670A854027B554990095F24E /* ViewModel */,
				670A854127B554A30095F24E /* View */,
			);
			path = Fundraiser;
			sourceTree = "<group>";
		};
		67BC883727B2DF660082B385 /* SharedComponents */ = {
			isa = PBXGroup;
			children = (
				67BC883827B2DF800082B385 /* SearchBarView.swift */,
			);
			path = SharedComponents;
			sourceTree = "<group>";
		};
/* End PBXGroup section */

/* Begin PBXNativeTarget section */
		67BC87CE27B1BD030082B385 /* Donate For Smile (iOS) */ = {
			isa = PBXNativeTarget;
			buildConfigurationList = 67BC87F827B1BD030082B385 /* Build configuration list for PBXNativeTarget "Donate For Smile (iOS)" */;
			buildPhases = (
				67BC87CB27B1BD030082B385 /* Sources */,
				67BC87CC27B1BD030082B385 /* Frameworks */,
				67BC87CD27B1BD030082B385 /* Resources */,
			);
			buildRules = (
			);
			dependencies = (
			);
			name = "Donate For Smile (iOS)";
			productName = "Donate For Smile (iOS)";
			productReference = 67BC87CF27B1BD030082B385 /* Donate For Smile.app */;
			productType = "com.apple.product-type.application";
		};
		67BC87D427B1BD030082B385 /* Donate For Smile (macOS) */ = {
			isa = PBXNativeTarget;
			buildConfigurationList = 67BC87FB27B1BD030082B385 /* Build configuration list for PBXNativeTarget "Donate For Smile (macOS)" */;
			buildPhases = (
				67BC87D127B1BD030082B385 /* Sources */,
				67BC87D227B1BD030082B385 /* Frameworks */,
				67BC87D327B1BD030082B385 /* Resources */,
			);
			buildRules = (
			);
			dependencies = (
			);
			name = "Donate For Smile (macOS)";
			productName = "Donate For Smile (macOS)";
			productReference = 67BC87D527B1BD030082B385 /* Donate For Smile.app */;
			productType = "com.apple.product-type.application";
		};
		67BC87DB27B1BD030082B385 /* Tests iOS */ = {
			isa = PBXNativeTarget;
			buildConfigurationList = 67BC87FE27B1BD030082B385 /* Build configuration list for PBXNativeTarget "Tests iOS" */;
			buildPhases = (
				67BC87D827B1BD030082B385 /* Sources */,
				67BC87D927B1BD030082B385 /* Frameworks */,
				67BC87DA27B1BD030082B385 /* Resources */,
			);
			buildRules = (
			);
			dependencies = (
				67BC87DE27B1BD030082B385 /* PBXTargetDependency */,
			);
			name = "Tests iOS";
			productName = "Tests iOS";
			productReference = 67BC87DC27B1BD030082B385 /* Tests iOS.xctest */;
			productType = "com.apple.product-type.bundle.ui-testing";
		};
		67BC87E727B1BD030082B385 /* Tests macOS */ = {
			isa = PBXNativeTarget;
			buildConfigurationList = 67BC880127B1BD030082B385 /* Build configuration list for PBXNativeTarget "Tests macOS" */;
			buildPhases = (
				67BC87E427B1BD030082B385 /* Sources */,
				67BC87E527B1BD030082B385 /* Frameworks */,
				67BC87E627B1BD030082B385 /* Resources */,
			);
			buildRules = (
			);
			dependencies = (
				67BC87EA27B1BD030082B385 /* PBXTargetDependency */,
			);
			name = "Tests macOS";
			productName = "Tests macOS";
			productReference = 67BC87E827B1BD030082B385 /* Tests macOS.xctest */;
			productType = "com.apple.product-type.bundle.ui-testing";
		};
/* End PBXNativeTarget section */

/* Begin PBXProject section */
		67BC87C327B1BD010082B385 /* Project object */ = {
			isa = PBXProject;
			attributes = {
				BuildIndependentTargetsInParallel = 1;
				LastSwiftUpdateCheck = 1320;
				LastUpgradeCheck = 1320;
				TargetAttributes = {
					67BC87CE27B1BD030082B385 = {
						CreatedOnToolsVersion = 13.2.1;
					};
					67BC87D427B1BD030082B385 = {
						CreatedOnToolsVersion = 13.2.1;
					};
					67BC87DB27B1BD030082B385 = {
						CreatedOnToolsVersion = 13.2.1;
						TestTargetID = 67BC87CE27B1BD030082B385;
					};
					67BC87E727B1BD030082B385 = {
						CreatedOnToolsVersion = 13.2.1;
						TestTargetID = 67BC87D427B1BD030082B385;
					};
				};
			};
			buildConfigurationList = 67BC87C627B1BD010082B385 /* Build configuration list for PBXProject "Donate For Smile" */;
			compatibilityVersion = "Xcode 13.0";
			developmentRegion = en;
			hasScannedForEncodings = 0;
			knownRegions = (
				en,
				Base,
				es,
				"pt-BR",
			);
			mainGroup = 67BC87C227B1BD010082B385;
			productRefGroup = 67BC87D027B1BD030082B385 /* Products */;
			projectDirPath = "";
			projectRoot = "";
			targets = (
				67BC87CE27B1BD030082B385 /* Donate For Smile (iOS) */,
				67BC87D427B1BD030082B385 /* Donate For Smile (macOS) */,
				67BC87DB27B1BD030082B385 /* Tests iOS */,
				67BC87E727B1BD030082B385 /* Tests macOS */,
			);
		};
/* End PBXProject section */

/* Begin PBXResourcesBuildPhase section */
		67BC87CD27B1BD030082B385 /* Resources */ = {
			isa = PBXResourcesBuildPhase;
			buildActionMask = 2147483647;
			files = (
				67BC880927B1BD950082B385 /* Metropolis-SemiBold.otf in Resources */,
				67686B2627BC2D66005F16AB /* Localizable.strings in Resources */,
				67BC87F427B1BD030082B385 /* Assets.xcassets in Resources */,
				67BC881127B1BD950082B385 /* Metropolis-Bold.otf in Resources */,
				67BC881527B1BD950082B385 /* Metropolis-Medium.otf in Resources */,
				67BC880D27B1BD950082B385 /* Metropolis-Regular.otf in Resources */,
			);
			runOnlyForDeploymentPostprocessing = 0;
		};
		67BC87D327B1BD030082B385 /* Resources */ = {
			isa = PBXResourcesBuildPhase;
			buildActionMask = 2147483647;
			files = (
				67BC880A27B1BD950082B385 /* Metropolis-SemiBold.otf in Resources */,
				67686B2727BC2D66005F16AB /* Localizable.strings in Resources */,
				67BC87F527B1BD030082B385 /* Assets.xcassets in Resources */,
				67BC881227B1BD950082B385 /* Metropolis-Bold.otf in Resources */,
				67BC881627B1BD950082B385 /* Metropolis-Medium.otf in Resources */,
				67BC880E27B1BD950082B385 /* Metropolis-Regular.otf in Resources */,
			);
			runOnlyForDeploymentPostprocessing = 0;
		};
		67BC87DA27B1BD030082B385 /* Resources */ = {
			isa = PBXResourcesBuildPhase;
			buildActionMask = 2147483647;
			files = (
				67BC881727B1BD950082B385 /* Metropolis-Medium.otf in Resources */,
				67BC880F27B1BD950082B385 /* Metropolis-Regular.otf in Resources */,
				67BC880B27B1BD950082B385 /* Metropolis-SemiBold.otf in Resources */,
				67BC881327B1BD950082B385 /* Metropolis-Bold.otf in Resources */,
			);
			runOnlyForDeploymentPostprocessing = 0;
		};
		67BC87E627B1BD030082B385 /* Resources */ = {
			isa = PBXResourcesBuildPhase;
			buildActionMask = 2147483647;
			files = (
				67BC881827B1BD950082B385 /* Metropolis-Medium.otf in Resources */,
				67BC881027B1BD950082B385 /* Metropolis-Regular.otf in Resources */,
				67BC880C27B1BD950082B385 /* Metropolis-SemiBold.otf in Resources */,
				67BC881427B1BD950082B385 /* Metropolis-Bold.otf in Resources */,
			);
			runOnlyForDeploymentPostprocessing = 0;
		};
/* End PBXResourcesBuildPhase section */

/* Begin PBXSourcesBuildPhase section */
		67BC87CB27B1BD030082B385 /* Sources */ = {
			isa = PBXSourcesBuildPhase;
			buildActionMask = 2147483647;
			files = (
				67BC87F227B1BD030082B385 /* ContentView.swift in Sources */,
				671D557B27DB9E66003EF0C8 /* VideoCoverView.swift in Sources */,
				67BC881C27B1E2650082B385 /* FundraiserItem.swift in Sources */,
				67183DB627BE926700932580 /* SharedDataModel.swift in Sources */,
				67686B3127BC31A7005F16AB /* StringProtocol+Shortcuts.swift in Sources */,
				671D558F27DBC6AC003EF0C8 /* SettingsView.swift in Sources */,
				671D557927DB9DF3003EF0C8 /* SwiftUIVideoView.swift in Sources */,
				670A84A327B36E420095F24E /* OrganiserDO.swift in Sources */,
				67183DDD27C6F0DC00932580 /* CategoryItemView.swift in Sources */,
				672E15E027DA9540007FE2B7 /* TotalDonatedView.swift in Sources */,
				67BC883E27B2E5DE0082B385 /* FundraiserListView.swift in Sources */,
				672E15D627DA92FB007FE2B7 /* AvatarDonatedView.swift in Sources */,
				671D558427DBAB4B003EF0C8 /* NewCampaignListView.swift in Sources */,
				672E15DB27DA93B6007FE2B7 /* CoverFundraiserDetailView.swift in Sources */,
				670A854E27B59F6C0095F24E /* MockEntities.swift in Sources */,
				671D558B27DBC499003EF0C8 /* SavedListViewModel.swift in Sources */,
				670A854B27B5811B0095F24E /* FetchFundraiserUseCase.swift in Sources */,
				67BC87F027B1BD030082B385 /* Donate_For_SmileApp.swift in Sources */,
				671D558027DBA578003EF0C8 /* HomeViewModel.swift in Sources */,
				670A849327B314E30095F24E /* FundraiserDetailView.swift in Sources */,
				670A849E27B36DC00095F24E /* FundraiserDO.swift in Sources */,
				67183DBC27BFEA5E00932580 /* FilterCategoriesView.swift in Sources */,
				670A849827B316A70095F24E /* RemainingDonationView.swift in Sources */,
				67686B3427BC38FA005F16AB /* Category.swift in Sources */,
				672E15F327DB8761007FE2B7 /* HomeCategoriesView.swift in Sources */,
				67BC882627B1E42E0082B385 /* ProgressBarView.swift in Sources */,
				671D558727DBC43F003EF0C8 /* SavedListView.swift in Sources */,
				67686B2E27BC2E66005F16AB /* String+Localizable.swift in Sources */,
				671D557D27DB9E9A003EF0C8 /* NavigationBarHomeView.swift in Sources */,
				670A854827B57ED00095F24E /* FundraiserListViewModel.swift in Sources */,
				672E15E927DACF81007FE2B7 /* HomeView.swift in Sources */,
				67BC883927B2DF800082B385 /* SearchBarView.swift in Sources */,
				67BC882127B1E27A0082B385 /* Helpers.swift in Sources */,
				671D558227DBAAA2003EF0C8 /* TopFundRaisersView.swift in Sources */,
			);
			runOnlyForDeploymentPostprocessing = 0;
		};
		67BC87D127B1BD030082B385 /* Sources */ = {
			isa = PBXSourcesBuildPhase;
			buildActionMask = 2147483647;
			files = (
				672E15F427DB8761007FE2B7 /* HomeCategoriesView.swift in Sources */,
				67BC87F327B1BD030082B385 /* ContentView.swift in Sources */,
				67BC881D27B1E2650082B385 /* FundraiserItem.swift in Sources */,
				670A84A427B36E420095F24E /* OrganiserDO.swift in Sources */,
				67BC883F27B2E5DE0082B385 /* FundraiserListView.swift in Sources */,
				67BC87F127B1BD030082B385 /* Donate_For_SmileApp.swift in Sources */,
				67183DB727BE926700932580 /* SharedDataModel.swift in Sources */,
				670A849427B314E30095F24E /* FundraiserDetailView.swift in Sources */,
				672E15D727DA92FB007FE2B7 /* AvatarDonatedView.swift in Sources */,
				670A849F27B36DC00095F24E /* FundraiserDO.swift in Sources */,
				670A849927B316A70095F24E /* RemainingDonationView.swift in Sources */,
				67BC882727B1E42E0082B385 /* ProgressBarView.swift in Sources */,
				67BC883A27B2DF800082B385 /* SearchBarView.swift in Sources */,
				67BC882227B1E27A0082B385 /* Helpers.swift in Sources */,
				67183DBD27BFEA5E00932580 /* FilterCategoriesView.swift in Sources */,
				67183DDE27C6F0DC00932580 /* CategoryItemView.swift in Sources */,
				672E15EA27DACF81007FE2B7 /* HomeView.swift in Sources */,
				672E15E127DA9540007FE2B7 /* TotalDonatedView.swift in Sources */,
				672E15DC27DA93B6007FE2B7 /* CoverFundraiserDetailView.swift in Sources */,
				67686B3227BC31A7005F16AB /* StringProtocol+Shortcuts.swift in Sources */,
				67686B2F27BC2E66005F16AB /* String+Localizable.swift in Sources */,
				67686B3527BC38FA005F16AB /* Category.swift in Sources */,
			);
			runOnlyForDeploymentPostprocessing = 0;
		};
		67BC87D827B1BD030082B385 /* Sources */ = {
			isa = PBXSourcesBuildPhase;
			buildActionMask = 2147483647;
			files = (
				67BC87E327B1BD030082B385 /* Tests_iOSLaunchTests.swift in Sources */,
				67BC881E27B1E2650082B385 /* FundraiserItem.swift in Sources */,
				67183DB827BE926700932580 /* SharedDataModel.swift in Sources */,
				67183DDF27C6F0DC00932580 /* CategoryItemView.swift in Sources */,
				672E15D827DA92FB007FE2B7 /* AvatarDonatedView.swift in Sources */,
				670A84A527B36E420095F24E /* OrganiserDO.swift in Sources */,
				67BC884027B2E5DE0082B385 /* FundraiserListView.swift in Sources */,
				67BC87E127B1BD030082B385 /* Tests_iOS.swift in Sources */,
				672E15E227DA9540007FE2B7 /* TotalDonatedView.swift in Sources */,
				672E15EB27DACF81007FE2B7 /* HomeView.swift in Sources */,
				670A849527B314E30095F24E /* FundraiserDetailView.swift in Sources */,
				670A84A027B36DC00095F24E /* FundraiserDO.swift in Sources */,
				672E15DD27DA93B6007FE2B7 /* CoverFundraiserDetailView.swift in Sources */,
				670A849A27B316A70095F24E /* RemainingDonationView.swift in Sources */,
				67BC882827B1E42E0082B385 /* ProgressBarView.swift in Sources */,
				67BC883B27B2DF800082B385 /* SearchBarView.swift in Sources */,
				672E15F527DB8761007FE2B7 /* HomeCategoriesView.swift in Sources */,
				67BC882327B1E27A0082B385 /* Helpers.swift in Sources */,
				67183DBE27BFEA5E00932580 /* FilterCategoriesView.swift in Sources */,
			);
			runOnlyForDeploymentPostprocessing = 0;
		};
		67BC87E427B1BD030082B385 /* Sources */ = {
			isa = PBXSourcesBuildPhase;
			buildActionMask = 2147483647;
			files = (
				67BC87EF27B1BD030082B385 /* Tests_macOSLaunchTests.swift in Sources */,
				67BC881F27B1E2650082B385 /* FundraiserItem.swift in Sources */,
				67183DB927BE926700932580 /* SharedDataModel.swift in Sources */,
				67183DE027C6F0DC00932580 /* CategoryItemView.swift in Sources */,
				672E15D927DA92FB007FE2B7 /* AvatarDonatedView.swift in Sources */,
				670A84A627B36E420095F24E /* OrganiserDO.swift in Sources */,
				67BC884127B2E5DE0082B385 /* FundraiserListView.swift in Sources */,
				67BC87ED27B1BD030082B385 /* Tests_macOS.swift in Sources */,
				672E15E327DA9540007FE2B7 /* TotalDonatedView.swift in Sources */,
				672E15EC27DACF81007FE2B7 /* HomeView.swift in Sources */,
				670A849627B314E30095F24E /* FundraiserDetailView.swift in Sources */,
				670A84A127B36DC00095F24E /* FundraiserDO.swift in Sources */,
				672E15DE27DA93B6007FE2B7 /* CoverFundraiserDetailView.swift in Sources */,
				670A849B27B316A70095F24E /* RemainingDonationView.swift in Sources */,
				67BC882927B1E42E0082B385 /* ProgressBarView.swift in Sources */,
				67BC883C27B2DF800082B385 /* SearchBarView.swift in Sources */,
				672E15F627DB8761007FE2B7 /* HomeCategoriesView.swift in Sources */,
				67BC882427B1E27A0082B385 /* Helpers.swift in Sources */,
				67183DBF27BFEA5E00932580 /* FilterCategoriesView.swift in Sources */,
			);
			runOnlyForDeploymentPostprocessing = 0;
		};
/* End PBXSourcesBuildPhase section */

/* Begin PBXTargetDependency section */
		67BC87DE27B1BD030082B385 /* PBXTargetDependency */ = {
			isa = PBXTargetDependency;
			target = 67BC87CE27B1BD030082B385 /* Donate For Smile (iOS) */;
			targetProxy = 67BC87DD27B1BD030082B385 /* PBXContainerItemProxy */;
		};
		67BC87EA27B1BD030082B385 /* PBXTargetDependency */ = {
			isa = PBXTargetDependency;
			target = 67BC87D427B1BD030082B385 /* Donate For Smile (macOS) */;
			targetProxy = 67BC87E927B1BD030082B385 /* PBXContainerItemProxy */;
		};
/* End PBXTargetDependency section */

/* Begin PBXVariantGroup section */
		67686B2927BC2D66005F16AB /* Localizable.strings */ = {
			isa = PBXVariantGroup;
			children = (
				67686B2827BC2D66005F16AB /* en */,
				67686B2A27BC2D6A005F16AB /* pt-BR */,
				67686B2B27BC2D6B005F16AB /* es */,
			);
			name = Localizable.strings;
			sourceTree = "<group>";
		};
/* End PBXVariantGroup section */

/* Begin XCBuildConfiguration section */
		67BC87F627B1BD030082B385 /* Debug */ = {
			isa = XCBuildConfiguration;
			buildSettings = {
				ALWAYS_SEARCH_USER_PATHS = NO;
				CLANG_ANALYZER_NONNULL = YES;
				CLANG_ANALYZER_NUMBER_OBJECT_CONVERSION = YES_AGGRESSIVE;
				CLANG_CXX_LANGUAGE_STANDARD = "gnu++17";
				CLANG_CXX_LIBRARY = "libc++";
				CLANG_ENABLE_MODULES = YES;
				CLANG_ENABLE_OBJC_ARC = YES;
				CLANG_ENABLE_OBJC_WEAK = YES;
				CLANG_WARN_BLOCK_CAPTURE_AUTORELEASING = YES;
				CLANG_WARN_BOOL_CONVERSION = YES;
				CLANG_WARN_COMMA = YES;
				CLANG_WARN_CONSTANT_CONVERSION = YES;
				CLANG_WARN_DEPRECATED_OBJC_IMPLEMENTATIONS = YES;
				CLANG_WARN_DIRECT_OBJC_ISA_USAGE = YES_ERROR;
				CLANG_WARN_DOCUMENTATION_COMMENTS = YES;
				CLANG_WARN_EMPTY_BODY = YES;
				CLANG_WARN_ENUM_CONVERSION = YES;
				CLANG_WARN_INFINITE_RECURSION = YES;
				CLANG_WARN_INT_CONVERSION = YES;
				CLANG_WARN_NON_LITERAL_NULL_CONVERSION = YES;
				CLANG_WARN_OBJC_IMPLICIT_RETAIN_SELF = YES;
				CLANG_WARN_OBJC_LITERAL_CONVERSION = YES;
				CLANG_WARN_OBJC_ROOT_CLASS = YES_ERROR;
				CLANG_WARN_QUOTED_INCLUDE_IN_FRAMEWORK_HEADER = YES;
				CLANG_WARN_RANGE_LOOP_ANALYSIS = YES;
				CLANG_WARN_STRICT_PROTOTYPES = YES;
				CLANG_WARN_SUSPICIOUS_MOVE = YES;
				CLANG_WARN_UNGUARDED_AVAILABILITY = YES_AGGRESSIVE;
				CLANG_WARN_UNREACHABLE_CODE = YES;
				CLANG_WARN__DUPLICATE_METHOD_MATCH = YES;
				COPY_PHASE_STRIP = NO;
				DEBUG_INFORMATION_FORMAT = dwarf;
				ENABLE_STRICT_OBJC_MSGSEND = YES;
				ENABLE_TESTABILITY = YES;
				GCC_C_LANGUAGE_STANDARD = gnu11;
				GCC_DYNAMIC_NO_PIC = NO;
				GCC_NO_COMMON_BLOCKS = YES;
				GCC_OPTIMIZATION_LEVEL = 0;
				GCC_PREPROCESSOR_DEFINITIONS = (
					"DEBUG=1",
					"$(inherited)",
				);
				GCC_WARN_64_TO_32_BIT_CONVERSION = YES;
				GCC_WARN_ABOUT_RETURN_TYPE = YES_ERROR;
				GCC_WARN_UNDECLARED_SELECTOR = YES;
				GCC_WARN_UNINITIALIZED_AUTOS = YES_AGGRESSIVE;
				GCC_WARN_UNUSED_FUNCTION = YES;
				GCC_WARN_UNUSED_VARIABLE = YES;
				MTL_ENABLE_DEBUG_INFO = INCLUDE_SOURCE;
				MTL_FAST_MATH = YES;
				ONLY_ACTIVE_ARCH = YES;
				SWIFT_ACTIVE_COMPILATION_CONDITIONS = DEBUG;
				SWIFT_EMIT_LOC_STRINGS = YES;
				SWIFT_OPTIMIZATION_LEVEL = "-Onone";
			};
			name = Debug;
		};
		67BC87F727B1BD030082B385 /* Release */ = {
			isa = XCBuildConfiguration;
			buildSettings = {
				ALWAYS_SEARCH_USER_PATHS = NO;
				CLANG_ANALYZER_NONNULL = YES;
				CLANG_ANALYZER_NUMBER_OBJECT_CONVERSION = YES_AGGRESSIVE;
				CLANG_CXX_LANGUAGE_STANDARD = "gnu++17";
				CLANG_CXX_LIBRARY = "libc++";
				CLANG_ENABLE_MODULES = YES;
				CLANG_ENABLE_OBJC_ARC = YES;
				CLANG_ENABLE_OBJC_WEAK = YES;
				CLANG_WARN_BLOCK_CAPTURE_AUTORELEASING = YES;
				CLANG_WARN_BOOL_CONVERSION = YES;
				CLANG_WARN_COMMA = YES;
				CLANG_WARN_CONSTANT_CONVERSION = YES;
				CLANG_WARN_DEPRECATED_OBJC_IMPLEMENTATIONS = YES;
				CLANG_WARN_DIRECT_OBJC_ISA_USAGE = YES_ERROR;
				CLANG_WARN_DOCUMENTATION_COMMENTS = YES;
				CLANG_WARN_EMPTY_BODY = YES;
				CLANG_WARN_ENUM_CONVERSION = YES;
				CLANG_WARN_INFINITE_RECURSION = YES;
				CLANG_WARN_INT_CONVERSION = YES;
				CLANG_WARN_NON_LITERAL_NULL_CONVERSION = YES;
				CLANG_WARN_OBJC_IMPLICIT_RETAIN_SELF = YES;
				CLANG_WARN_OBJC_LITERAL_CONVERSION = YES;
				CLANG_WARN_OBJC_ROOT_CLASS = YES_ERROR;
				CLANG_WARN_QUOTED_INCLUDE_IN_FRAMEWORK_HEADER = YES;
				CLANG_WARN_RANGE_LOOP_ANALYSIS = YES;
				CLANG_WARN_STRICT_PROTOTYPES = YES;
				CLANG_WARN_SUSPICIOUS_MOVE = YES;
				CLANG_WARN_UNGUARDED_AVAILABILITY = YES_AGGRESSIVE;
				CLANG_WARN_UNREACHABLE_CODE = YES;
				CLANG_WARN__DUPLICATE_METHOD_MATCH = YES;
				COPY_PHASE_STRIP = NO;
				DEBUG_INFORMATION_FORMAT = "dwarf-with-dsym";
				ENABLE_NS_ASSERTIONS = NO;
				ENABLE_STRICT_OBJC_MSGSEND = YES;
				GCC_C_LANGUAGE_STANDARD = gnu11;
				GCC_NO_COMMON_BLOCKS = YES;
				GCC_WARN_64_TO_32_BIT_CONVERSION = YES;
				GCC_WARN_ABOUT_RETURN_TYPE = YES_ERROR;
				GCC_WARN_UNDECLARED_SELECTOR = YES;
				GCC_WARN_UNINITIALIZED_AUTOS = YES_AGGRESSIVE;
				GCC_WARN_UNUSED_FUNCTION = YES;
				GCC_WARN_UNUSED_VARIABLE = YES;
				MTL_ENABLE_DEBUG_INFO = NO;
				MTL_FAST_MATH = YES;
				SWIFT_COMPILATION_MODE = wholemodule;
				SWIFT_EMIT_LOC_STRINGS = YES;
				SWIFT_OPTIMIZATION_LEVEL = "-O";
			};
			name = Release;
		};
		67BC87F927B1BD030082B385 /* Debug */ = {
			isa = XCBuildConfiguration;
			buildSettings = {
				ASSETCATALOG_COMPILER_APPICON_NAME = AppIcon;
				ASSETCATALOG_COMPILER_GLOBAL_ACCENT_COLOR_NAME = AccentColor;
				CODE_SIGN_STYLE = Automatic;
				CURRENT_PROJECT_VERSION = 1;
				DEVELOPMENT_TEAM = 2578HQNPSE;
				ENABLE_PREVIEWS = YES;
				GENERATE_INFOPLIST_FILE = YES;
				INFOPLIST_FILE = "Donate-For-Smile--iOS--Info.plist";
				INFOPLIST_KEY_LSApplicationCategoryType = "";
				INFOPLIST_KEY_UIApplicationSceneManifest_Generation = YES;
				INFOPLIST_KEY_UIApplicationSupportsIndirectInputEvents = YES;
				INFOPLIST_KEY_UILaunchScreen_Generation = YES;
				INFOPLIST_KEY_UISupportedInterfaceOrientations_iPad = "UIInterfaceOrientationPortrait UIInterfaceOrientationPortraitUpsideDown UIInterfaceOrientationLandscapeLeft UIInterfaceOrientationLandscapeRight";
				INFOPLIST_KEY_UISupportedInterfaceOrientations_iPhone = "UIInterfaceOrientationPortrait UIInterfaceOrientationLandscapeLeft UIInterfaceOrientationLandscapeRight";
				IPHONEOS_DEPLOYMENT_TARGET = 15.2;
				LD_RUNPATH_SEARCH_PATHS = (
					"$(inherited)",
					"@executable_path/Frameworks",
				);
				MARKETING_VERSION = 1.0;
				PRODUCT_BUNDLE_IDENTIFIER = "com.kleytonjsantos.Donate-For-Smile";
				PRODUCT_NAME = "Donate For Smile";
				SDKROOT = iphoneos;
				SWIFT_EMIT_LOC_STRINGS = YES;
				SWIFT_VERSION = 5.0;
				TARGETED_DEVICE_FAMILY = "1,2";
			};
			name = Debug;
		};
		67BC87FA27B1BD030082B385 /* Release */ = {
			isa = XCBuildConfiguration;
			buildSettings = {
				ASSETCATALOG_COMPILER_APPICON_NAME = AppIcon;
				ASSETCATALOG_COMPILER_GLOBAL_ACCENT_COLOR_NAME = AccentColor;
				CODE_SIGN_STYLE = Automatic;
				CURRENT_PROJECT_VERSION = 1;
				DEVELOPMENT_TEAM = 2578HQNPSE;
				ENABLE_PREVIEWS = YES;
				GENERATE_INFOPLIST_FILE = YES;
				INFOPLIST_FILE = "Donate-For-Smile--iOS--Info.plist";
				INFOPLIST_KEY_LSApplicationCategoryType = "";
				INFOPLIST_KEY_UIApplicationSceneManifest_Generation = YES;
				INFOPLIST_KEY_UIApplicationSupportsIndirectInputEvents = YES;
				INFOPLIST_KEY_UILaunchScreen_Generation = YES;
				INFOPLIST_KEY_UISupportedInterfaceOrientations_iPad = "UIInterfaceOrientationPortrait UIInterfaceOrientationPortraitUpsideDown UIInterfaceOrientationLandscapeLeft UIInterfaceOrientationLandscapeRight";
				INFOPLIST_KEY_UISupportedInterfaceOrientations_iPhone = "UIInterfaceOrientationPortrait UIInterfaceOrientationLandscapeLeft UIInterfaceOrientationLandscapeRight";
				IPHONEOS_DEPLOYMENT_TARGET = 15.2;
				LD_RUNPATH_SEARCH_PATHS = (
					"$(inherited)",
					"@executable_path/Frameworks",
				);
				MARKETING_VERSION = 1.0;
				PRODUCT_BUNDLE_IDENTIFIER = "com.kleytonjsantos.Donate-For-Smile";
				PRODUCT_NAME = "Donate For Smile";
				SDKROOT = iphoneos;
				SWIFT_EMIT_LOC_STRINGS = YES;
				SWIFT_VERSION = 5.0;
				TARGETED_DEVICE_FAMILY = "1,2";
				VALIDATE_PRODUCT = YES;
			};
			name = Release;
		};
		67BC87FC27B1BD030082B385 /* Debug */ = {
			isa = XCBuildConfiguration;
			buildSettings = {
				ASSETCATALOG_COMPILER_APPICON_NAME = AppIcon;
				ASSETCATALOG_COMPILER_GLOBAL_ACCENT_COLOR_NAME = AccentColor;
				CODE_SIGN_ENTITLEMENTS = macOS/macOS.entitlements;
				CODE_SIGN_STYLE = Automatic;
				COMBINE_HIDPI_IMAGES = YES;
				CURRENT_PROJECT_VERSION = 1;
				DEVELOPMENT_TEAM = 2578HQNPSE;
				ENABLE_HARDENED_RUNTIME = YES;
				ENABLE_PREVIEWS = YES;
				GENERATE_INFOPLIST_FILE = YES;
				INFOPLIST_KEY_NSHumanReadableCopyright = "";
				LD_RUNPATH_SEARCH_PATHS = (
					"$(inherited)",
					"@executable_path/../Frameworks",
				);
				MACOSX_DEPLOYMENT_TARGET = 12.0;
				MARKETING_VERSION = 1.0;
				PRODUCT_BUNDLE_IDENTIFIER = "com.kleytonjsantos.Donate-For-Smile";
				PRODUCT_NAME = "Donate For Smile";
				SDKROOT = macosx;
				SWIFT_EMIT_LOC_STRINGS = YES;
				SWIFT_VERSION = 5.0;
			};
			name = Debug;
		};
		67BC87FD27B1BD030082B385 /* Release */ = {
			isa = XCBuildConfiguration;
			buildSettings = {
				ASSETCATALOG_COMPILER_APPICON_NAME = AppIcon;
				ASSETCATALOG_COMPILER_GLOBAL_ACCENT_COLOR_NAME = AccentColor;
				CODE_SIGN_ENTITLEMENTS = macOS/macOS.entitlements;
				CODE_SIGN_STYLE = Automatic;
				COMBINE_HIDPI_IMAGES = YES;
				CURRENT_PROJECT_VERSION = 1;
				DEVELOPMENT_TEAM = 2578HQNPSE;
				ENABLE_HARDENED_RUNTIME = YES;
				ENABLE_PREVIEWS = YES;
				GENERATE_INFOPLIST_FILE = YES;
				INFOPLIST_KEY_NSHumanReadableCopyright = "";
				LD_RUNPATH_SEARCH_PATHS = (
					"$(inherited)",
					"@executable_path/../Frameworks",
				);
				MACOSX_DEPLOYMENT_TARGET = 12.0;
				MARKETING_VERSION = 1.0;
				PRODUCT_BUNDLE_IDENTIFIER = "com.kleytonjsantos.Donate-For-Smile";
				PRODUCT_NAME = "Donate For Smile";
				SDKROOT = macosx;
				SWIFT_EMIT_LOC_STRINGS = YES;
				SWIFT_VERSION = 5.0;
			};
			name = Release;
		};
		67BC87FF27B1BD030082B385 /* Debug */ = {
			isa = XCBuildConfiguration;
			buildSettings = {
				ALWAYS_EMBED_SWIFT_STANDARD_LIBRARIES = YES;
				CODE_SIGN_STYLE = Automatic;
				CURRENT_PROJECT_VERSION = 1;
				DEVELOPMENT_TEAM = 2578HQNPSE;
				GENERATE_INFOPLIST_FILE = YES;
				IPHONEOS_DEPLOYMENT_TARGET = 15.2;
				MARKETING_VERSION = 1.0;
				PRODUCT_BUNDLE_IDENTIFIER = "com.kleytonjsantos.Tests-iOS";
				PRODUCT_NAME = "$(TARGET_NAME)";
				SDKROOT = iphoneos;
				SWIFT_EMIT_LOC_STRINGS = NO;
				SWIFT_VERSION = 5.0;
				TARGETED_DEVICE_FAMILY = "1,2";
				TEST_TARGET_NAME = "Donate For Smile (iOS)";
			};
			name = Debug;
		};
		67BC880027B1BD030082B385 /* Release */ = {
			isa = XCBuildConfiguration;
			buildSettings = {
				ALWAYS_EMBED_SWIFT_STANDARD_LIBRARIES = YES;
				CODE_SIGN_STYLE = Automatic;
				CURRENT_PROJECT_VERSION = 1;
				DEVELOPMENT_TEAM = 2578HQNPSE;
				GENERATE_INFOPLIST_FILE = YES;
				IPHONEOS_DEPLOYMENT_TARGET = 15.2;
				MARKETING_VERSION = 1.0;
				PRODUCT_BUNDLE_IDENTIFIER = "com.kleytonjsantos.Tests-iOS";
				PRODUCT_NAME = "$(TARGET_NAME)";
				SDKROOT = iphoneos;
				SWIFT_EMIT_LOC_STRINGS = NO;
				SWIFT_VERSION = 5.0;
				TARGETED_DEVICE_FAMILY = "1,2";
				TEST_TARGET_NAME = "Donate For Smile (iOS)";
				VALIDATE_PRODUCT = YES;
			};
			name = Release;
		};
		67BC880227B1BD030082B385 /* Debug */ = {
			isa = XCBuildConfiguration;
			buildSettings = {
				ALWAYS_EMBED_SWIFT_STANDARD_LIBRARIES = YES;
				CODE_SIGN_STYLE = Automatic;
				CURRENT_PROJECT_VERSION = 1;
				DEVELOPMENT_TEAM = 2578HQNPSE;
				GENERATE_INFOPLIST_FILE = YES;
				MACOSX_DEPLOYMENT_TARGET = 12.0;
				MARKETING_VERSION = 1.0;
				PRODUCT_BUNDLE_IDENTIFIER = "com.kleytonjsantos.Tests-macOS";
				PRODUCT_NAME = "$(TARGET_NAME)";
				SDKROOT = macosx;
				SWIFT_EMIT_LOC_STRINGS = NO;
				SWIFT_VERSION = 5.0;
				TEST_TARGET_NAME = "Donate For Smile (macOS)";
			};
			name = Debug;
		};
		67BC880327B1BD030082B385 /* Release */ = {
			isa = XCBuildConfiguration;
			buildSettings = {
				ALWAYS_EMBED_SWIFT_STANDARD_LIBRARIES = YES;
				CODE_SIGN_STYLE = Automatic;
				CURRENT_PROJECT_VERSION = 1;
				DEVELOPMENT_TEAM = 2578HQNPSE;
				GENERATE_INFOPLIST_FILE = YES;
				MACOSX_DEPLOYMENT_TARGET = 12.0;
				MARKETING_VERSION = 1.0;
				PRODUCT_BUNDLE_IDENTIFIER = "com.kleytonjsantos.Tests-macOS";
				PRODUCT_NAME = "$(TARGET_NAME)";
				SDKROOT = macosx;
				SWIFT_EMIT_LOC_STRINGS = NO;
				SWIFT_VERSION = 5.0;
				TEST_TARGET_NAME = "Donate For Smile (macOS)";
			};
			name = Release;
		};
/* End XCBuildConfiguration section */

/* Begin XCConfigurationList section */
		67BC87C627B1BD010082B385 /* Build configuration list for PBXProject "Donate For Smile" */ = {
			isa = XCConfigurationList;
			buildConfigurations = (
				67BC87F627B1BD030082B385 /* Debug */,
				67BC87F727B1BD030082B385 /* Release */,
			);
			defaultConfigurationIsVisible = 0;
			defaultConfigurationName = Release;
		};
		67BC87F827B1BD030082B385 /* Build configuration list for PBXNativeTarget "Donate For Smile (iOS)" */ = {
			isa = XCConfigurationList;
			buildConfigurations = (
				67BC87F927B1BD030082B385 /* Debug */,
				67BC87FA27B1BD030082B385 /* Release */,
			);
			defaultConfigurationIsVisible = 0;
			defaultConfigurationName = Release;
		};
		67BC87FB27B1BD030082B385 /* Build configuration list for PBXNativeTarget "Donate For Smile (macOS)" */ = {
			isa = XCConfigurationList;
			buildConfigurations = (
				67BC87FC27B1BD030082B385 /* Debug */,
				67BC87FD27B1BD030082B385 /* Release */,
			);
			defaultConfigurationIsVisible = 0;
			defaultConfigurationName = Release;
		};
		67BC87FE27B1BD030082B385 /* Build configuration list for PBXNativeTarget "Tests iOS" */ = {
			isa = XCConfigurationList;
			buildConfigurations = (
				67BC87FF27B1BD030082B385 /* Debug */,
				67BC880027B1BD030082B385 /* Release */,
			);
			defaultConfigurationIsVisible = 0;
			defaultConfigurationName = Release;
		};
		67BC880127B1BD030082B385 /* Build configuration list for PBXNativeTarget "Tests macOS" */ = {
			isa = XCConfigurationList;
			buildConfigurations = (
				67BC880227B1BD030082B385 /* Debug */,
				67BC880327B1BD030082B385 /* Release */,
			);
			defaultConfigurationIsVisible = 0;
			defaultConfigurationName = Release;
		};
/* End XCConfigurationList section */
	};
	rootObject = 67BC87C327B1BD010082B385 /* Project object */;
}
